
Microsoft Visual Studio Solution File, Format Version 12.00
# Visual Studio Version 17
VisualStudioVersion = 17.14.36908.2 d17.14
MinimumVisualStudioVersion = 10.0.40219.1
Project("{FAE04EC0-301F-11D3-BF4B-00C04F79EFBC}") = "MedView.Server", "MedView.Server.csproj", "{B02C3CED-FA80-5D6A-00A4-953F7AB2AB6C}"
EndProject
Global
	GlobalSection(SolutionConfigurationPlatforms) = preSolution
		Debug|Any CPU = Debug|Any CPU
		Release|Any CPU = Release|Any CPU
	EndGlobalSection
	GlobalSection(ProjectConfigurationPlatforms) = postSolution
		{B02C3CED-FA80-5D6A-00A4-953F7AB2AB6C}.Debug|Any CPU.ActiveCfg = Debug|Any CPU
		{B02C3CED-FA80-5D6A-00A4-953F7AB2AB6C}.Debug|Any CPU.Build.0 = Debug|Any CPU
		{B02C3CED-FA80-5D6A-00A4-953F7AB2AB6C}.Release|Any CPU.ActiveCfg = Release|Any CPU
		{B02C3CED-FA80-5D6A-00A4-953F7AB2AB6C}.Release|Any CPU.Build.0 = Release|Any CPU
	EndGlobalSection
	GlobalSection(SolutionProperties) = preSolution
		HideSolutionNode = FALSE
	EndGlobalSection
	GlobalSection(ExtensibilityGlobals) = postSolution
		SolutionGuid = {53764C84-726C-4FE4-AF81-1E80B7961520}
	EndGlobalSection
EndGlobal
